
Microsoft Visual Studio Solution File, Format Version 11.00
# Visual Studio 2010
Project("{2150E333-8FDC-42A3-9474-1A3956D46DE8}") = "Main", "Main", "{5C69B333-B38F-48F5-8CBC-6CA92416BA82}"
EndProject
Project("{2150E333-8FDC-42A3-9474-1A3956D46DE8}") = "Tests", "Tests", "{43E85587-AC7D-475F-BAA7-69E75C284F1F}"
EndProject
Project("{2150E333-8FDC-42A3-9474-1A3956D46DE8}") = "References", "References", "{BF4152BA-7D77-422A-A6B5-EAF6483025A0}"
EndProject
Project("{FAE04EC0-301F-11D3-BF4B-00C04F79EFBC}") = "Chat.WebUI", "Chat\Chat.WebUI\Chat.WebUI.csproj", "{E83B0D90-D2C3-483B-8B25-E3AAA4BA3CC9}"
EndProject
Project("{FAE04EC0-301F-11D3-BF4B-00C04F79EFBC}") = "Altitude.Air", "Altitude\Altitude.Air\Altitude.Air.csproj", "{A4DEB585-0932-4DA0-96E7-3C2A82E43130}"
EndProject
Project("{FAE04EC0-301F-11D3-BF4B-00C04F79EFBC}") = "Altitude.Common", "Altitude\Altitude.Common\Altitude.Common.csproj", "{0A5EE4CE-4AA0-4C49-8DFE-DC00EB9404B3}"
EndProject
Project("{FAE04EC0-301F-11D3-BF4B-00C04F79EFBC}") = "Altitude.Crust", "Altitude\Altitude.Crust\Altitude.Crust.csproj", "{AFF61BBE-8B88-4780-8334-2871CE202228}"
EndProject
Project("{FAE04EC0-301F-11D3-BF4B-00C04F79EFBC}") = "Chat.Main", "Chat\Chat.Main\Chat.Main.csproj", "{704841F7-1D0D-42F0-89B1-E32085AF4B43}"
EndProject
Project("{FAE04EC0-301F-11D3-BF4B-00C04F79EFBC}") = "ChatTests.WebUI", "ChatTests\ChatTests.WebUI\ChatTests.WebUI.csproj", "{EA8934DD-ECDA-4F4E-9024-A285B1BF4E6A}"
EndProject
Project("{FAE04EC0-301F-11D3-BF4B-00C04F79EFBC}") = "ChatTests.Main", "Chat\ChatTests.Main\ChatTests.Main.csproj", "{F96B3B3D-CD3E-4130-91D3-FD9B06C9313B}"
EndProject
Project("{FAE04EC0-301F-11D3-BF4B-00C04F79EFBC}") = "AltitudeTests.Air", "AltitudeTests\AltitudeTests.Air\AltitudeTests.Air.csproj", "{5ECF741E-32FB-420C-8852-24FDE4F37CB7}"
EndProject
Global
	GlobalSection(SolutionConfigurationPlatforms) = preSolution
		Debug|Any CPU = Debug|Any CPU
		Release|Any CPU = Release|Any CPU
	EndGlobalSection
	GlobalSection(ProjectConfigurationPlatforms) = postSolution
		{E83B0D90-D2C3-483B-8B25-E3AAA4BA3CC9}.Debug|Any CPU.ActiveCfg = Debug|Any CPU
		{E83B0D90-D2C3-483B-8B25-E3AAA4BA3CC9}.Debug|Any CPU.Build.0 = Debug|Any CPU
		{E83B0D90-D2C3-483B-8B25-E3AAA4BA3CC9}.Release|Any CPU.ActiveCfg = Release|Any CPU
		{E83B0D90-D2C3-483B-8B25-E3AAA4BA3CC9}.Release|Any CPU.Build.0 = Release|Any CPU
		{A4DEB585-0932-4DA0-96E7-3C2A82E43130}.Debug|Any CPU.ActiveCfg = Debug|Any CPU
		{A4DEB585-0932-4DA0-96E7-3C2A82E43130}.Debug|Any CPU.Build.0 = Debug|Any CPU
		{A4DEB585-0932-4DA0-96E7-3C2A82E43130}.Release|Any CPU.ActiveCfg = Release|Any CPU
		{A4DEB585-0932-4DA0-96E7-3C2A82E43130}.Release|Any CPU.Build.0 = Release|Any CPU
		{0A5EE4CE-4AA0-4C49-8DFE-DC00EB9404B3}.Debug|Any CPU.ActiveCfg = Debug|Any CPU
		{0A5EE4CE-4AA0-4C49-8DFE-DC00EB9404B3}.Debug|Any CPU.Build.0 = Debug|Any CPU
		{0A5EE4CE-4AA0-4C49-8DFE-DC00EB9404B3}.Release|Any CPU.ActiveCfg = Release|Any CPU
		{0A5EE4CE-4AA0-4C49-8DFE-DC00EB9404B3}.Release|Any CPU.Build.0 = Release|Any CPU
		{AFF61BBE-8B88-4780-8334-2871CE202228}.Debug|Any CPU.ActiveCfg = Debug|Any CPU
		{AFF61BBE-8B88-4780-8334-2871CE202228}.Debug|Any CPU.Build.0 = Debug|Any CPU
		{AFF61BBE-8B88-4780-8334-2871CE202228}.Release|Any CPU.ActiveCfg = Release|Any CPU
		{AFF61BBE-8B88-4780-8334-2871CE202228}.Release|Any CPU.Build.0 = Release|Any CPU
		{704841F7-1D0D-42F0-89B1-E32085AF4B43}.Debug|Any CPU.ActiveCfg = Debug|Any CPU
		{704841F7-1D0D-42F0-89B1-E32085AF4B43}.Debug|Any CPU.Build.0 = Debug|Any CPU
		{704841F7-1D0D-42F0-89B1-E32085AF4B43}.Release|Any CPU.ActiveCfg = Release|Any CPU
		{704841F7-1D0D-42F0-89B1-E32085AF4B43}.Release|Any CPU.Build.0 = Release|Any CPU
		{EA8934DD-ECDA-4F4E-9024-A285B1BF4E6A}.Debug|Any CPU.ActiveCfg = Debug|Any CPU
		{EA8934DD-ECDA-4F4E-9024-A285B1BF4E6A}.Debug|Any CPU.Build.0 = Debug|Any CPU
		{EA8934DD-ECDA-4F4E-9024-A285B1BF4E6A}.Release|Any CPU.ActiveCfg = Release|Any CPU
		{EA8934DD-ECDA-4F4E-9024-A285B1BF4E6A}.Release|Any CPU.Build.0 = Release|Any CPU
		{F96B3B3D-CD3E-4130-91D3-FD9B06C9313B}.Debug|Any CPU.ActiveCfg = Debug|Any CPU
		{F96B3B3D-CD3E-4130-91D3-FD9B06C9313B}.Debug|Any CPU.Build.0 = Debug|Any CPU
		{F96B3B3D-CD3E-4130-91D3-FD9B06C9313B}.Release|Any CPU.ActiveCfg = Release|Any CPU
		{F96B3B3D-CD3E-4130-91D3-FD9B06C9313B}.Release|Any CPU.Build.0 = Release|Any CPU
		{5ECF741E-32FB-420C-8852-24FDE4F37CB7}.Debug|Any CPU.ActiveCfg = Debug|Any CPU
		{5ECF741E-32FB-420C-8852-24FDE4F37CB7}.Debug|Any CPU.Build.0 = Debug|Any CPU
		{5ECF741E-32FB-420C-8852-24FDE4F37CB7}.Release|Any CPU.ActiveCfg = Release|Any CPU
		{5ECF741E-32FB-420C-8852-24FDE4F37CB7}.Release|Any CPU.Build.0 = Release|Any CPU
	EndGlobalSection
	GlobalSection(SolutionProperties) = preSolution
		HideSolutionNode = FALSE
	EndGlobalSection
	GlobalSection(NestedProjects) = preSolution
		{E83B0D90-D2C3-483B-8B25-E3AAA4BA3CC9} = {5C69B333-B38F-48F5-8CBC-6CA92416BA82}
		{704841F7-1D0D-42F0-89B1-E32085AF4B43} = {5C69B333-B38F-48F5-8CBC-6CA92416BA82}
		{EA8934DD-ECDA-4F4E-9024-A285B1BF4E6A} = {43E85587-AC7D-475F-BAA7-69E75C284F1F}
		{F96B3B3D-CD3E-4130-91D3-FD9B06C9313B} = {43E85587-AC7D-475F-BAA7-69E75C284F1F}
		{5ECF741E-32FB-420C-8852-24FDE4F37CB7} = {43E85587-AC7D-475F-BAA7-69E75C284F1F}
		{A4DEB585-0932-4DA0-96E7-3C2A82E43130} = {BF4152BA-7D77-422A-A6B5-EAF6483025A0}
		{0A5EE4CE-4AA0-4C49-8DFE-DC00EB9404B3} = {BF4152BA-7D77-422A-A6B5-EAF6483025A0}
		{AFF61BBE-8B88-4780-8334-2871CE202228} = {BF4152BA-7D77-422A-A6B5-EAF6483025A0}
	EndGlobalSection
EndGlobal
